
Microsoft Visual Studio Solution File, Format Version 12.00
# Visual Studio Version 17
VisualStudioVersion = 17.2.32526.322
MinimumVisualStudioVersion = 10.0.40219.1
Project("{9A19103F-16F7-4668-BE54-9A1E7A4F7556}") = "VirginMegastoreApp", "BookStoreApp\VirginMegastoreApp.csproj", "{4FE5803B-F9AA-4395-9631-10244BEABC3D}"
EndProject
Global
	GlobalSection(SolutionConfigurationPlatforms) = preSolution
		Debug|Any CPU = Debug|Any CPU
		Release|Any CPU = Release|Any CPU
	EndGlobalSection
	GlobalSection(ProjectConfigurationPlatforms) = postSolution
		{4FE5803B-F9AA-4395-9631-10244BEABC3D}.Debug|Any CPU.ActiveCfg = Debug|Any CPU
		{4FE5803B-F9AA-4395-9631-10244BEABC3D}.Debug|Any CPU.Build.0 = Debug|Any CPU
		{4FE5803B-F9AA-4395-9631-10244BEABC3D}.Release|Any CPU.ActiveCfg = Release|Any CPU
		{4FE5803B-F9AA-4395-9631-10244BEABC3D}.Release|Any CPU.Build.0 = Release|Any CPU
	EndGlobalSection
	GlobalSection(SolutionProperties) = preSolution
		HideSolutionNode = FALSE
	EndGlobalSection
	GlobalSection(ExtensibilityGlobals) = postSolution
		SolutionGuid = {C6C1336B-82BD-40DE-9D4E-28BF85658984}
	EndGlobalSection
EndGlobal
